PODS:
  - Apsara (1.0.1)
  - NVActivityIndicatorView (3.7.0):
    - NVActivityIndicatorView/Presenter (= 3.7.0)
  - NVActivityIndicatorView/Presenter (3.7.0)
  - SlidingText (1.0.1)
  - SnapKit (3.0.2)
  - SwiftValidator (4.0.0)
  - TextFieldEffects (1.3.3)

DEPENDENCIES:
  - Apsara
  - NVActivityIndicatorView
  - SlidingText
  - SnapKit (~> 3.0.0)
  - SwiftValidator (from `https://github.com/jpotts18/SwiftValidator.git`, branch `master`)
  - TextFieldEffects

EXTERNAL SOURCES:
  SwiftValidator:
    :branch: master
    :git: https://github.com/jpotts18/SwiftValidator.git

CHECKOUT OPTIONS:
  SwiftValidator:
    :commit: 6cff6cac3e02a617f7cf11323e18526a117d5673
    :git: https://github.com/jpotts18/SwiftValidator.git

SPEC CHECKSUMS:
  Apsara: 1868c38231974af29b68c840ada9313a16290ed7
  NVActivityIndicatorView: d3738df7e2e476aca0ba6bf32a8c9fbcfc33d64b
  SlidingText: d83e0654f7755db6bdf8724c2b34885b32f6e30f
  SnapKit: 2e456761aa92d4d4067a7a5594c18769d451a8ad
  SwiftValidator: 25ded5ca1f10c05adf57f6ac82a72d28ac8d91af
  TextFieldEffects: 8706f53525f1ce51c8921b7af32237caab50c467

PODFILE CHECKSUM: e36db4a93ba528ce7a7b7d7db2e519b874cee6a3

COCOAPODS: 1.2.1
